
Microsoft Visual Studio Solution File, Format Version 11.00
# Visual Studio 2010
Project("{FAE04EC0-301F-11D3-BF4B-00C04F79EFBC}") = "ExpoCalc", "ExpoCalc.csproj", "{26170E94-F079-41C6-B6E7-A919CC8D11B2}"
EndProject
Global
	GlobalSection(SolutionConfigurationPlatforms) = preSolution
		Debug|x86 = Debug|x86
		Release|x86 = Release|x86
	EndGlobalSection
	GlobalSection(ProjectConfigurationPlatforms) = postSolution
		{26170E94-F079-41C6-B6E7-A919CC8D11B2}.Debug|x86.ActiveCfg = Debug|x86
		{26170E94-F079-41C6-B6E7-A919CC8D11B2}.Debug|x86.Build.0 = Debug|x86
		{26170E94-F079-41C6-B6E7-A919CC8D11B2}.Release|x86.ActiveCfg = Release|x86
		{26170E94-F079-41C6-B6E7-A919CC8D11B2}.Release|x86.Build.0 = Release|x86
	EndGlobalSection
	GlobalSection(SolutionProperties) = preSolution
		HideSolutionNode = FALSE
	EndGlobalSection
EndGlobal
